// !$*UTF8*$!
{
	archiveVersion = 1;
	classes = {
	};
	objectVersion = 46;
	objects = {

/* Begin PBXBuildFile section */
		2E68CF9E1BD73D720098E6B7 /* AppDelegate.swift in Sources */ = {isa = PBXBuildFile; fileRef = 2E68CF9D1BD73D720098E6B7 /* AppDelegate.swift */; };
		2E68CFA01BD73D720098E6B7 /* ViewController.swift in Sources */ = {isa = PBXBuildFile; fileRef = 2E68CF9F1BD73D720098E6B7 /* ViewController.swift */; };
		2E68CFA31BD73D720098E6B7 /* Main.storyboard in Resources */ = {isa = PBXBuildFile; fileRef = 2E68CFA11BD73D720098E6B7 /* Main.storyboard */; };
		2E68CFA61BD73D720098E6B7 /* Week_1_Project__Dropbox.xcdatamodeld in Sources */ = {isa = PBXBuildFile; fileRef = 2E68CFA41BD73D720098E6B7 /* Week_1_Project__Dropbox.xcdatamodeld */; };
		2E68CFA81BD73D720098E6B7 /* Assets.xcassets in Resources */ = {isa = PBXBuildFile; fileRef = 2E68CFA71BD73D720098E6B7 /* Assets.xcassets */; };
		2E68CFAB1BD73D720098E6B7 /* LaunchScreen.storyboard in Resources */ = {isa = PBXBuildFile; fileRef = 2E68CFA91BD73D720098E6B7 /* LaunchScreen.storyboard */; };
/* End PBXBuildFile section */

/* Begin PBXFileReference section */
		2E68CF9A1BD73D720098E6B7 /* Week 1 Project: Dropbox.app */ = {isa = PBXFileReference; explicitFileType = wrapper.application; includeInIndex = 0; path = "Week 1 Project: Dropbox.app"; sourceTree = BUILT_PRODUCTS_DIR; };
		2E68CF9D1BD73D720098E6B7 /* AppDelegate.swift */ = {isa = PBXFileReference; lastKnownFileType = sourcecode.swift; path = AppDelegate.swift; sourceTree = "<group>"; };
		2E68CF9F1BD73D720098E6B7 /* ViewController.swift */ = {isa = PBXFileReference; lastKnownFileType = sourcecode.swift; path = ViewController.swift; sourceTree = "<group>"; };
		2E68CFA21BD73D720098E6B7 /* Base */ = {isa = PBXFileReference; lastKnownFileType = file.storyboard; name = Base; path = Base.lproj/Main.storyboard; sourceTree = "<group>"; };
		2E68CFA51BD73D720098E6B7 /* Week_1_Project__Dropbox.xcdatamodel */ = {isa = PBXFileReference; lastKnownFileType = wrapper.xcdatamodel; path = Week_1_Project__Dropbox.xcdatamodel; sourceTree = "<group>"; };
		2E68CFA71BD73D720098E6B7 /* Assets.xcassets */ = {isa = PBXFileReference; lastKnownFileType = folder.assetcatalog; path = Assets.xcassets; sourceTree = "<group>"; };
		2E68CFAA1BD73D720098E6B7 /* Base */ = {isa = PBXFileReference; lastKnownFileType = file.storyboard; name = Base; path = Base.lproj/LaunchScreen.storyboard; sourceTree = "<group>"; };
		2E68CFAC1BD73D720098E6B7 /* Info.plist */ = {isa = PBXFileReference; lastKnownFileType = text.plist.xml; path = Info.plist; sourceTree = "<group>"; };
/* End PBXFileReference section */

/* Begin PBXFrameworksBuildPhase section */
		2E68CF971BD73D720098E6B7 /* Frameworks */ = {
			isa = PBXFrameworksBuildPhase;
			buildActionMask = 2147483647;
			files = (
			);
			runOnlyForDeploymentPostprocessing = 0;
		};
/* End PBXFrameworksBuildPhase section */

/* Begin PBXGroup section */
		2E68CF911BD73D720098E6B7 = {
			isa = PBXGroup;
			children = (
				2E68CF9C1BD73D720098E6B7 /* Week 1 Project: Dropbox */,
				2E68CF9B1BD73D720098E6B7 /* Products */,
			);
			sourceTree = "<group>";
		};
		2E68CF9B1BD73D720098E6B7 /* Products */ = {
			isa = PBXGroup;
			children = (
				2E68CF9A1BD73D720098E6B7 /* Week 1 Project: Dropbox.app */,
			);
			name = Products;
			sourceTree = "<group>";
		};
		2E68CF9C1BD73D720098E6B7 /* Week 1 Project: Dropbox */ = {
			isa = PBXGroup;
			children = (
				2E68CF9D1BD73D720098E6B7 /* AppDelegate.swift */,
				2E68CF9F1BD73D720098E6B7 /* ViewController.swift */,
				2E68CFA11BD73D720098E6B7 /* Main.storyboard */,
				2E68CFA71BD73D720098E6B7 /* Assets.xcassets */,
				2E68CFA91BD73D720098E6B7 /* LaunchScreen.storyboard */,
				2E68CFAC1BD73D720098E6B7 /* Info.plist */,
				2E68CFA41BD73D720098E6B7 /* Week_1_Project__Dropbox.xcdatamodeld */,
			);
			path = "Week 1 Project: Dropbox";
			sourceTree = "<group>";
		};
/* End PBXGroup section */

/* Begin PBXNativeTarget section */
		2E68CF991BD73D720098E6B7 /* Week 1 Project: Dropbox */ = {
			isa = PBXNativeTarget;
			buildConfigurationList = 2E68CFAF1BD73D720098E6B7 /* Build configuration list for PBXNativeTarget "Week 1 Project: Dropbox" */;
			buildPhases = (
				2E68CF961BD73D720098E6B7 /* Sources */,
				2E68CF971BD73D720098E6B7 /* Frameworks */,
				2E68CF981BD73D720098E6B7 /* Resources */,
			);
			buildRules = (
			);
			dependencies = (
			);
			name = "Week 1 Project: Dropbox";
			productName = "Week 1 Project: Dropbox";
			productReference = 2E68CF9A1BD73D720098E6B7 /* Week 1 Project: Dropbox.app */;
			productType = "com.apple.product-type.application";
		};
/* End PBXNativeTarget section */

/* Begin PBXProject section */
		2E68CF921BD73D720098E6B7 /* Project object */ = {
			isa = PBXProject;
			attributes = {
				LastUpgradeCheck = 0700;
				ORGANIZATIONNAME = FB;
				TargetAttributes = {
					2E68CF991BD73D720098E6B7 = {
						CreatedOnToolsVersion = 7.0.1;
					};
				};
			};
			buildConfigurationList = 2E68CF951BD73D720098E6B7 /* Build configuration list for PBXProject "Week 1 Project: Dropbox" */;
			compatibilityVersion = "Xcode 3.2";
			developmentRegion = English;
			hasScannedForEncodings = 0;
			knownRegions = (
				en,
				Base,
			);
			mainGroup = 2E68CF911BD73D720098E6B7;
			productRefGroup = 2E68CF9B1BD73D720098E6B7 /* Products */;
			projectDirPath = "";
			projectRoot = "";
			targets = (
				2E68CF991BD73D720098E6B7 /* Week 1 Project: Dropbox */,
			);
		};
/* End PBXProject section */

/* Begin PBXResourcesBuildPhase section */
		2E68CF981BD73D720098E6B7 /* Resources */ = {
			isa = PBXResourcesBuildPhase;
			buildActionMask = 2147483647;
			files = (
				2E68CFAB1BD73D720098E6B7 /* LaunchScreen.storyboard in Resources */,
				2E68CFA81BD73D720098E6B7 /* Assets.xcassets in Resources */,
				2E68CFA31BD73D720098E6B7 /* Main.storyboard in Resources */,
			);
			runOnlyForDeploymentPostprocessing = 0;
		};
/* End PBXResourcesBuildPhase section */

/* Begin PBXSourcesBuildPhase section */
		2E68CF961BD73D720098E6B7 /* Sources */ = {
			isa = PBXSourcesBuildPhase;
			buildActionMask = 2147483647;
			files = (
				2E68CFA01BD73D720098E6B7 /* ViewController.swift in Sources */,
				2E68CFA61BD73D720098E6B7 /* Week_1_Project__Dropbox.xcdatamodeld in Sources */,
				2E68CF9E1BD73D720098E6B7 /* AppDelegate.swift in Sources */,
			);
			runOnlyForDeploymentPostprocessing = 0;
		};
/* End PBXSourcesBuildPhase section */

/* Begin PBXVariantGroup section */
		2E68CFA11BD73D720098E6B7 /* Main.storyboard */ = {
			isa = PBXVariantGroup;
			children = (
				2E68CFA21BD73D720098E6B7 /* Base */,
			);
			name = Main.storyboard;
			sourceTree = "<group>";
		};
		2E68CFA91BD73D720098E6B7 /* LaunchScreen.storyboard */ = {
			isa = PBXVariantGroup;
			children = (
				2E68CFAA1BD73D720098E6B7 /* Base */,
			);
			name = LaunchScreen.storyboard;
			sourceTree = "<group>";
		};
/* End PBXVariantGroup section */

/* Begin XCBuildConfiguration section */
		2E68CFAD1BD73D720098E6B7 /* Debug */ = {
			isa = XCBuildConfiguration;
			buildSettings = {
				ALWAYS_SEARCH_USER_PATHS = NO;
				CLANG_CXX_LANGUAGE_STANDARD = "gnu++0x";
				CLANG_CXX_LIBRARY = "libc++";
				CLANG_ENABLE_MODULES = YES;
				CLANG_ENABLE_OBJC_ARC = YES;
				CLANG_WARN_BOOL_CONVERSION = YES;
				CLANG_WARN_CONSTANT_CONVERSION = YES;
				CLANG_WARN_DIRECT_OBJC_ISA_USAGE = YES_ERROR;
				CLANG_WARN_EMPTY_BODY = YES;
				CLANG_WARN_ENUM_CONVERSION = YES;
				CLANG_WARN_INT_CONVERSION = YES;
				CLANG_WARN_OBJC_ROOT_CLASS = YES_ERROR;
				CLANG_WARN_UNREACHABLE_CODE = YES;
				CLANG_WARN__DUPLICATE_METHOD_MATCH = YES;
				"CODE_SIGN_IDENTITY[sdk=iphoneos*]" = "iPhone Developer";
				COPY_PHASE_STRIP = NO;
				DEBUG_INFORMATION_FORMAT = dwarf;
				ENABLE_STRICT_OBJC_MSGSEND = YES;
				ENABLE_TESTABILITY = YES;
				GCC_C_LANGUAGE_STANDARD = gnu99;
				GCC_DYNAMIC_NO_PIC = NO;
				GCC_NO_COMMON_BLOCKS = YES;
				GCC_OPTIMIZATION_LEVEL = 0;
				GCC_PREPROCESSOR_DEFINITIONS = (
					"DEBUG=1",
					"$(inherited)",
				);
				GCC_WARN_64_TO_32_BIT_CONVERSION = YES;
				GCC_WARN_ABOUT_RETURN_TYPE = YES_ERROR;
				GCC_WARN_UNDECLARED_SELECTOR = YES;
				GCC_WARN_UNINITIALIZED_AUTOS = YES_AGGRESSIVE;
				GCC_WARN_UNUSED_FUNCTION = YES;
				GCC_WARN_UNUSED_VARIABLE = YES;
				IPHONEOS_DEPLOYMENT_TARGET = 9.0;
				MTL_ENABLE_DEBUG_INFO = YES;
				ONLY_ACTIVE_ARCH = YES;
				SDKROOT = iphoneos;
				SWIFT_OPTIMIZATION_LEVEL = "-Onone";
			};
			name = Debug;
		};
		2E68CFAE1BD73D720098E6B7 /* Release */ = {
			isa = XCBuildConfiguration;
			buildSettings = {
				ALWAYS_SEARCH_USER_PATHS = NO;
				CLANG_CXX_LANGUAGE_STANDARD = "gnu++0x";
				CLANG_CXX_LIBRARY = "libc++";
				CLANG_ENABLE_MODULES = YES;
				CLANG_ENABLE_OBJC_ARC = YES;
				CLANG_WARN_BOOL_CONVERSION = YES;
				CLANG_WARN_CONSTANT_CONVERSION = YES;
				CLANG_WARN_DIRECT_OBJC_ISA_USAGE = YES_ERROR;
				CLANG_WARN_EMPTY_BODY = YES;
				CLANG_WARN_ENUM_CONVERSION = YES;
				CLANG_WARN_INT_CONVERSION = YES;
				CLANG_WARN_OBJC_ROOT_CLASS = YES_ERROR;
				CLANG_WARN_UNREACHABLE_CODE = YES;
				CLANG_WARN__DUPLICATE_METHOD_MATCH = YES;
				"CODE_SIGN_IDENTITY[sdk=iphoneos*]" = "iPhone Developer";
				COPY_PHASE_STRIP = NO;
				DEBUG_INFORMATION_FORMAT = "dwarf-with-dsym";
				ENABLE_NS_ASSERTIONS = NO;
				ENABLE_STRICT_OBJC_MSGSEND = YES;
				GCC_C_LANGUAGE_STANDARD = gnu99;
				GCC_NO_COMMON_BLOCKS = YES;
				GCC_WARN_64_TO_32_BIT_CONVERSION = YES;
				GCC_WARN_ABOUT_RETURN_TYPE = YES_ERROR;
				GCC_WARN_UNDECLARED_SELECTOR = YES;
				GCC_WARN_UNINITIALIZED_AUTOS = YES_AGGRESSIVE;
				GCC_WARN_UNUSED_FUNCTION = YES;
				GCC_WARN_UNUSED_VARIABLE = YES;
				IPHONEOS_DEPLOYMENT_TARGET = 9.0;
				MTL_ENABLE_DEBUG_INFO = NO;
				SDKROOT = iphoneos;
				VALIDATE_PRODUCT = YES;
			};
			name = Release;
		};
		2E68CFB01BD73D720098E6B7 /* Debug */ = {
			isa = XCBuildConfiguration;
			buildSettings = {
				ASSETCATALOG_COMPILER_APPICON_NAME = AppIcon;
				INFOPLIST_FILE = "Week 1 Project: Dropbox/Info.plist";
				LD_RUNPATH_SEARCH_PATHS = "$(inherited) @executable_path/Frameworks";
				PRODUCT_BUNDLE_IDENTIFIER = "Mesguich.Week-1-Project--Dropbox";
				PRODUCT_NAME = "$(TARGET_NAME)";
			};
			name = Debug;
		};
		2E68CFB11BD73D720098E6B7 /* Release */ = {
			isa = XCBuildConfiguration;
			buildSettings = {
				ASSETCATALOG_COMPILER_APPICON_NAME = AppIcon;
				INFOPLIST_FILE = "Week 1 Project: Dropbox/Info.plist";
				LD_RUNPATH_SEARCH_PATHS = "$(inherited) @executable_path/Frameworks";
				PRODUCT_BUNDLE_IDENTIFIER = "Mesguich.Week-1-Project--Dropbox";
				PRODUCT_NAME = "$(TARGET_NAME)";
			};
			name = Release;
		};
/* End XCBuildConfiguration section */

/* Begin XCConfigurationList section */
		2E68CF951BD73D720098E6B7 /* Build configuration list for PBXProject "Week 1 Project: Dropbox" */ = {
			isa = XCConfigurationList;
			buildConfigurations = (
				2E68CFAD1BD73D720098E6B7 /* Debug */,
				2E68CFAE1BD73D720098E6B7 /* Release */,
			);
			defaultConfigurationIsVisible = 0;
			defaultConfigurationName = Release;
		};
		2E68CFAF1BD73D720098E6B7 /* Build configuration list for PBXNativeTarget "Week 1 Project: Dropbox" */ = {
			isa = XCConfigurationList;
			buildConfigurations = (
				2E68CFB01BD73D720098E6B7 /* Debug */,
				2E68CFB11BD73D720098E6B7 /* Release */,
			);
			defaultConfigurationIsVisible = 0;
		};
/* End XCConfigurationList section */

/* Begin XCVersionGroup section */
		2E68CFA41BD73D720098E6B7 /* Week_1_Project__Dropbox.xcdatamodeld */ = {
			isa = XCVersionGroup;
			children = (
				2E68CFA51BD73D720098E6B7 /* Week_1_Project__Dropbox.xcdatamodel */,
			);
			currentVersion = 2E68CFA51BD73D720098E6B7 /* Week_1_Project__Dropbox.xcdatamodel */;
			path = Week_1_Project__Dropbox.xcdatamodeld;
			sourceTree = "<group>";
			versionGroupType = wrapper.xcdatamodel;
		};
/* End XCVersionGroup section */
	};
	rootObject = 2E68CF921BD73D720098E6B7 /* Project object */;
}
